
Microsoft Visual Studio Solution File, Format Version 12.00
# Visual Studio Version 17
VisualStudioVersion = 17.3.32929.385
MinimumVisualStudioVersion = 10.0.40219.1
Project("{FAE04EC0-301F-11D3-BF4B-00C04F79EFBC}") = "Subway", "Subway\Subway.csproj", "{8F2E7D9B-5D4D-44B0-B8D1-838672B90DB6}"
EndProject
Global
	GlobalSection(SolutionConfigurationPlatforms) = preSolution
		Debug|Any CPU = Debug|Any CPU
		Release|Any CPU = Release|Any CPU
	EndGlobalSection
	GlobalSection(ProjectConfigurationPlatforms) = postSolution
		{8F2E7D9B-5D4D-44B0-B8D1-838672B90DB6}.Debug|Any CPU.ActiveCfg = Debug|Any CPU
		{8F2E7D9B-5D4D-44B0-B8D1-838672B90DB6}.Debug|Any CPU.Build.0 = Debug|Any CPU
		{8F2E7D9B-5D4D-44B0-B8D1-838672B90DB6}.Release|Any CPU.ActiveCfg = Release|Any CPU
		{8F2E7D9B-5D4D-44B0-B8D1-838672B90DB6}.Release|Any CPU.Build.0 = Release|Any CPU
	EndGlobalSection
	GlobalSection(SolutionProperties) = preSolution
		HideSolutionNode = FALSE
	EndGlobalSection
	GlobalSection(ExtensibilityGlobals) = postSolution
		SolutionGuid = {B3942285-9C17-46AA-83F5-13017EDADBCE}
	EndGlobalSection
EndGlobal
